{
  "originHash" : "50739d16fb3b1c36e28568d832b61475022b29d5c6dad4328005a7afcef102b7",
  "pins" : [
    {
      "identity" : "alinfoundation",
      "kind" : "remoteSourceControl",
      "location" : "https://github.com/alienator88/AlinFoundation",
      "state" : {
        "branch" : "main",
        "revision" : "f2c5107f1e6c4f1850dd0c850bd238e9c9014dcc"
      }
    }
  ],
  "version" : 3
}
