{
  "originHash" : "50739d16fb3b1c36e28568d832b61475022b29d5c6dad4328005a7afcef102b7",
  "pins" : [
    {
      "identity" : "alinfoundation",
      "kind" : "remoteSourceControl",
      "location" : "https://github.com/alienator88/AlinFoundation",
      "state" : {
        "branch" : "main",
        "revision" : "1ed36ea2b5cba7f458aeb87ac807e3f058f17aec"
      }
    }
  ],
  "version" : 3
}
