{
  "originHash" : "50739d16fb3b1c36e28568d832b61475022b29d5c6dad4328005a7afcef102b7",
  "pins" : [
    {
      "identity" : "alinfoundation",
      "kind" : "remoteSourceControl",
      "location" : "https://github.com/alienator88/AlinFoundation",
      "state" : {
        "branch" : "main",
        "revision" : "eb160d04a32e1e2fe54bfa3fac1f6a7535d7b2fb"
      }
    }
  ],
  "version" : 3
}
